
Microsoft Visual Studio Solution File, Format Version 12.00
# Visual Studio Version 17
VisualStudioVersion = 17.14.36401.2 d17.14
MinimumVisualStudioVersion = 10.0.40219.1
Project("{FAE04EC0-301F-11D3-BF4B-00C04F79EFBC}") = "YojigenPoint.VaultPrime", "YojigenPoint.VaultPrime\YojigenPoint.VaultPrime.csproj", "{6091C7F7-ABB7-494F-B973-CE5B66180A01}"
EndProject
Global
	GlobalSection(SolutionConfigurationPlatforms) = preSolution
		Debug|Any CPU = Debug|Any CPU
		Release|Any CPU = Release|Any CPU
	EndGlobalSection
	GlobalSection(ProjectConfigurationPlatforms) = postSolution
		{6091C7F7-ABB7-494F-B973-CE5B66180A01}.Debug|Any CPU.ActiveCfg = Debug|Any CPU
		{6091C7F7-ABB7-494F-B973-CE5B66180A01}.Debug|Any CPU.Build.0 = Debug|Any CPU
		{6091C7F7-ABB7-494F-B973-CE5B66180A01}.Release|Any CPU.ActiveCfg = Release|Any CPU
		{6091C7F7-ABB7-494F-B973-CE5B66180A01}.Release|Any CPU.Build.0 = Release|Any CPU
	EndGlobalSection
	GlobalSection(SolutionProperties) = preSolution
		HideSolutionNode = FALSE
	EndGlobalSection
	GlobalSection(ExtensibilityGlobals) = postSolution
		SolutionGuid = {E61B1F22-D8CF-4032-8FD5-721F78E67B1D}
	EndGlobalSection
EndGlobal
